
Microsoft Visual Studio Solution File, Format Version 12.00
# Visual Studio 15
VisualStudioVersion = 15.0.28010.2041
MinimumVisualStudioVersion = 10.0.40219.1
Project("{9A19103F-16F7-4668-BE54-9A1E7A4F7556}") = "DesignPatterns", "DesignPatterns\DesignPatterns.csproj", "{E1298778-48A9-4C31-995D-95F6BE3289DB}"
EndProject
Project("{9A19103F-16F7-4668-BE54-9A1E7A4F7556}") = "BridgePattern", "BridgePattern\BridgePattern.csproj", "{752C2D0B-F8C6-4D56-959E-83875CC6AE6F}"
EndProject
Project("{9A19103F-16F7-4668-BE54-9A1E7A4F7556}") = "AggregateRoute", "AggregateRoute\AggregateRoute.csproj", "{44509D9F-9768-468C-BDB4-5E02B8923569}"
EndProject
Project("{9A19103F-16F7-4668-BE54-9A1E7A4F7556}") = "FactoryMethodPattern", "FactoryMethodPattern\FactoryMethodPattern.csproj", "{04952C28-E5A0-41A8-A383-201162A7C2E6}"
EndProject
Project("{2150E333-8FDC-42A3-9474-1A3956D46DE8}") = "GOF", "GOF", "{2A57A92B-05AE-4F5F-B68A-562E332B9708}"
EndProject
Project("{9A19103F-16F7-4668-BE54-9A1E7A4F7556}") = "VisitorPattern", "ReferencePatterns\VisitorPattern\VisitorPattern.csproj", "{DB0B5622-97C1-4196-A7BD-129B7B03ED1D}"
EndProject
Project("{9A19103F-16F7-4668-BE54-9A1E7A4F7556}") = "AdapterPattern", "ReferencePatterns\AdapterPattern\AdapterPattern.csproj", "{3DE1A67B-3492-4B0F-852C-4CB38D2BB917}"
EndProject
Project("{9A19103F-16F7-4668-BE54-9A1E7A4F7556}") = "BridgePattern", "ReferencePatterns\BridgePattern\BridgePattern.csproj", "{D0A47F25-858E-41C9-B3EF-EFFEDFFCE511}"
EndProject
Project("{9A19103F-16F7-4668-BE54-9A1E7A4F7556}") = "CommandPattern", "ReferencePatterns\CommandPattern\CommandPattern.csproj", "{99BC6762-E1E9-43EE-B875-B446803915A3}"
EndProject
Project("{9A19103F-16F7-4668-BE54-9A1E7A4F7556}") = "CompositePattern", "ReferencePatterns\CompositePattern\CompositePattern.csproj", "{91FE8907-27F0-4C0A-A07F-0C48E9818B61}"
EndProject
Project("{9A19103F-16F7-4668-BE54-9A1E7A4F7556}") = "DecoratorPattern", "ReferencePatterns\DecoratorPattern\DecoratorPattern.csproj", "{D1F46AC0-0912-48C9-9A43-4F26C70C13A3}"
EndProject
Project("{9A19103F-16F7-4668-BE54-9A1E7A4F7556}") = "FacadePattern", "ReferencePatterns\FacadePattern\FacadePattern.csproj", "{C8918722-8D59-4CE8-9F85-AD3D2EB25E5C}"
EndProject
Project("{9A19103F-16F7-4668-BE54-9A1E7A4F7556}") = "FactoryPattern", "ReferencePatterns\FactoryPattern\FactoryPattern.csproj", "{B45A272C-B408-4BED-A207-A7C872DC81F7}"
EndProject
Project("{9A19103F-16F7-4668-BE54-9A1E7A4F7556}") = "FlyweightPattern", "ReferencePatterns\FlyweightPattern\FlyweightPattern.csproj", "{C5B714C2-FB80-4960-9CFD-2E762837C42C}"
EndProject
Project("{9A19103F-16F7-4668-BE54-9A1E7A4F7556}") = "IteratorPattern", "ReferencePatterns\IteratorPattern\IteratorPattern.csproj", "{B7261773-793E-48DB-8406-7AE8AD6D1E89}"
EndProject
Project("{9A19103F-16F7-4668-BE54-9A1E7A4F7556}") = "ObserverPattern", "ReferencePatterns\ObserverPattern\ObserverPattern.csproj", "{28D8B975-5715-4870-B8E3-2EC7A2D9D175}"
EndProject
Project("{9A19103F-16F7-4668-BE54-9A1E7A4F7556}") = "SingletonPattern", "ReferencePatterns\SingletonPattern\SingletonPattern.csproj", "{692BD9FE-2D6B-406A-9733-FF3EC46181D7}"
EndProject
Project("{9A19103F-16F7-4668-BE54-9A1E7A4F7556}") = "StatePattern", "ReferencePatterns\StatePattern\StatePattern.csproj", "{4FC6DC1C-C516-4D11-A847-5BD890309059}"
EndProject
Project("{9A19103F-16F7-4668-BE54-9A1E7A4F7556}") = "StrategyPattern", "ReferencePatterns\StrategyPattern\StrategyPattern.csproj", "{246257E6-506F-4E46-916F-B6A3869AAFB4}"
EndProject
Project("{9A19103F-16F7-4668-BE54-9A1E7A4F7556}") = "TemplatePattern", "ReferencePatterns\TemplatePattern\TemplatePattern.csproj", "{94710296-265D-4D97-BAFE-D8A1CDC4F6A1}"
EndProject
Project("{FAE04EC0-301F-11D3-BF4B-00C04F79EFBC}") = "SingletonPatttern", "SingletonPatttern\SingletonPatttern.csproj", "{AE68C8A6-54FD-4702-999C-B3BCA4B3F98C}"
EndProject
Project("{2150E333-8FDC-42A3-9474-1A3956D46DE8}") = "Solution Items", "Solution Items", "{D590CEA8-280D-48C9-A83C-8A105EDE1D65}"
	ProjectSection(SolutionItems) = preProject
		Patterns.txt = Patterns.txt
	EndProjectSection
EndProject
Project("{FAE04EC0-301F-11D3-BF4B-00C04F79EFBC}") = "AdapterPatttern", "AdapterPatttern\AdapterPatttern.csproj", "{B38CD55A-F490-4E6E-8D2E-D4F22038250C}"
EndProject
Global
	GlobalSection(SolutionConfigurationPlatforms) = preSolution
		Debug|Any CPU = Debug|Any CPU
		Release|Any CPU = Release|Any CPU
	EndGlobalSection
	GlobalSection(ProjectConfigurationPlatforms) = postSolution
		{E1298778-48A9-4C31-995D-95F6BE3289DB}.Debug|Any CPU.ActiveCfg = Debug|Any CPU
		{E1298778-48A9-4C31-995D-95F6BE3289DB}.Debug|Any CPU.Build.0 = Debug|Any CPU
		{E1298778-48A9-4C31-995D-95F6BE3289DB}.Release|Any CPU.ActiveCfg = Release|Any CPU
		{E1298778-48A9-4C31-995D-95F6BE3289DB}.Release|Any CPU.Build.0 = Release|Any CPU
		{752C2D0B-F8C6-4D56-959E-83875CC6AE6F}.Debug|Any CPU.ActiveCfg = Debug|Any CPU
		{752C2D0B-F8C6-4D56-959E-83875CC6AE6F}.Debug|Any CPU.Build.0 = Debug|Any CPU
		{752C2D0B-F8C6-4D56-959E-83875CC6AE6F}.Release|Any CPU.ActiveCfg = Release|Any CPU
		{752C2D0B-F8C6-4D56-959E-83875CC6AE6F}.Release|Any CPU.Build.0 = Release|Any CPU
		{44509D9F-9768-468C-BDB4-5E02B8923569}.Debug|Any CPU.ActiveCfg = Debug|Any CPU
		{44509D9F-9768-468C-BDB4-5E02B8923569}.Debug|Any CPU.Build.0 = Debug|Any CPU
		{44509D9F-9768-468C-BDB4-5E02B8923569}.Release|Any CPU.ActiveCfg = Release|Any CPU
		{44509D9F-9768-468C-BDB4-5E02B8923569}.Release|Any CPU.Build.0 = Release|Any CPU
		{04952C28-E5A0-41A8-A383-201162A7C2E6}.Debug|Any CPU.ActiveCfg = Debug|Any CPU
		{04952C28-E5A0-41A8-A383-201162A7C2E6}.Debug|Any CPU.Build.0 = Debug|Any CPU
		{04952C28-E5A0-41A8-A383-201162A7C2E6}.Release|Any CPU.ActiveCfg = Release|Any CPU
		{04952C28-E5A0-41A8-A383-201162A7C2E6}.Release|Any CPU.Build.0 = Release|Any CPU
		{DB0B5622-97C1-4196-A7BD-129B7B03ED1D}.Debug|Any CPU.ActiveCfg = Debug|Any CPU
		{DB0B5622-97C1-4196-A7BD-129B7B03ED1D}.Debug|Any CPU.Build.0 = Debug|Any CPU
		{DB0B5622-97C1-4196-A7BD-129B7B03ED1D}.Release|Any CPU.ActiveCfg = Release|Any CPU
		{DB0B5622-97C1-4196-A7BD-129B7B03ED1D}.Release|Any CPU.Build.0 = Release|Any CPU
		{3DE1A67B-3492-4B0F-852C-4CB38D2BB917}.Debug|Any CPU.ActiveCfg = Debug|Any CPU
		{3DE1A67B-3492-4B0F-852C-4CB38D2BB917}.Debug|Any CPU.Build.0 = Debug|Any CPU
		{3DE1A67B-3492-4B0F-852C-4CB38D2BB917}.Release|Any CPU.ActiveCfg = Release|Any CPU
		{3DE1A67B-3492-4B0F-852C-4CB38D2BB917}.Release|Any CPU.Build.0 = Release|Any CPU
		{D0A47F25-858E-41C9-B3EF-EFFEDFFCE511}.Debug|Any CPU.ActiveCfg = Debug|Any CPU
		{D0A47F25-858E-41C9-B3EF-EFFEDFFCE511}.Debug|Any CPU.Build.0 = Debug|Any CPU
		{D0A47F25-858E-41C9-B3EF-EFFEDFFCE511}.Release|Any CPU.ActiveCfg = Release|Any CPU
		{D0A47F25-858E-41C9-B3EF-EFFEDFFCE511}.Release|Any CPU.Build.0 = Release|Any CPU
		{99BC6762-E1E9-43EE-B875-B446803915A3}.Debug|Any CPU.ActiveCfg = Debug|Any CPU
		{99BC6762-E1E9-43EE-B875-B446803915A3}.Debug|Any CPU.Build.0 = Debug|Any CPU
		{99BC6762-E1E9-43EE-B875-B446803915A3}.Release|Any CPU.ActiveCfg = Release|Any CPU
		{99BC6762-E1E9-43EE-B875-B446803915A3}.Release|Any CPU.Build.0 = Release|Any CPU
		{91FE8907-27F0-4C0A-A07F-0C48E9818B61}.Debug|Any CPU.ActiveCfg = Debug|Any CPU
		{91FE8907-27F0-4C0A-A07F-0C48E9818B61}.Debug|Any CPU.Build.0 = Debug|Any CPU
		{91FE8907-27F0-4C0A-A07F-0C48E9818B61}.Release|Any CPU.ActiveCfg = Release|Any CPU
		{91FE8907-27F0-4C0A-A07F-0C48E9818B61}.Release|Any CPU.Build.0 = Release|Any CPU
		{D1F46AC0-0912-48C9-9A43-4F26C70C13A3}.Debug|Any CPU.ActiveCfg = Debug|Any CPU
		{D1F46AC0-0912-48C9-9A43-4F26C70C13A3}.Debug|Any CPU.Build.0 = Debug|Any CPU
		{D1F46AC0-0912-48C9-9A43-4F26C70C13A3}.Release|Any CPU.ActiveCfg = Release|Any CPU
		{D1F46AC0-0912-48C9-9A43-4F26C70C13A3}.Release|Any CPU.Build.0 = Release|Any CPU
		{C8918722-8D59-4CE8-9F85-AD3D2EB25E5C}.Debug|Any CPU.ActiveCfg = Debug|Any CPU
		{C8918722-8D59-4CE8-9F85-AD3D2EB25E5C}.Debug|Any CPU.Build.0 = Debug|Any CPU
		{C8918722-8D59-4CE8-9F85-AD3D2EB25E5C}.Release|Any CPU.ActiveCfg = Release|Any CPU
		{C8918722-8D59-4CE8-9F85-AD3D2EB25E5C}.Release|Any CPU.Build.0 = Release|Any CPU
		{B45A272C-B408-4BED-A207-A7C872DC81F7}.Debug|Any CPU.ActiveCfg = Debug|Any CPU
		{B45A272C-B408-4BED-A207-A7C872DC81F7}.Debug|Any CPU.Build.0 = Debug|Any CPU
		{B45A272C-B408-4BED-A207-A7C872DC81F7}.Release|Any CPU.ActiveCfg = Release|Any CPU
		{B45A272C-B408-4BED-A207-A7C872DC81F7}.Release|Any CPU.Build.0 = Release|Any CPU
		{C5B714C2-FB80-4960-9CFD-2E762837C42C}.Debug|Any CPU.ActiveCfg = Debug|Any CPU
		{C5B714C2-FB80-4960-9CFD-2E762837C42C}.Debug|Any CPU.Build.0 = Debug|Any CPU
		{C5B714C2-FB80-4960-9CFD-2E762837C42C}.Release|Any CPU.ActiveCfg = Release|Any CPU
		{C5B714C2-FB80-4960-9CFD-2E762837C42C}.Release|Any CPU.Build.0 = Release|Any CPU
		{B7261773-793E-48DB-8406-7AE8AD6D1E89}.Debug|Any CPU.ActiveCfg = Debug|Any CPU
		{B7261773-793E-48DB-8406-7AE8AD6D1E89}.Debug|Any CPU.Build.0 = Debug|Any CPU
		{B7261773-793E-48DB-8406-7AE8AD6D1E89}.Release|Any CPU.ActiveCfg = Release|Any CPU
		{B7261773-793E-48DB-8406-7AE8AD6D1E89}.Release|Any CPU.Build.0 = Release|Any CPU
		{28D8B975-5715-4870-B8E3-2EC7A2D9D175}.Debug|Any CPU.ActiveCfg = Debug|Any CPU
		{28D8B975-5715-4870-B8E3-2EC7A2D9D175}.Debug|Any CPU.Build.0 = Debug|Any CPU
		{28D8B975-5715-4870-B8E3-2EC7A2D9D175}.Release|Any CPU.ActiveCfg = Release|Any CPU
		{28D8B975-5715-4870-B8E3-2EC7A2D9D175}.Release|Any CPU.Build.0 = Release|Any CPU
		{692BD9FE-2D6B-406A-9733-FF3EC46181D7}.Debug|Any CPU.ActiveCfg = Debug|Any CPU
		{692BD9FE-2D6B-406A-9733-FF3EC46181D7}.Debug|Any CPU.Build.0 = Debug|Any CPU
		{692BD9FE-2D6B-406A-9733-FF3EC46181D7}.Release|Any CPU.ActiveCfg = Release|Any CPU
		{692BD9FE-2D6B-406A-9733-FF3EC46181D7}.Release|Any CPU.Build.0 = Release|Any CPU
		{4FC6DC1C-C516-4D11-A847-5BD890309059}.Debug|Any CPU.ActiveCfg = Debug|Any CPU
		{4FC6DC1C-C516-4D11-A847-5BD890309059}.Debug|Any CPU.Build.0 = Debug|Any CPU
		{4FC6DC1C-C516-4D11-A847-5BD890309059}.Release|Any CPU.ActiveCfg = Release|Any CPU
		{4FC6DC1C-C516-4D11-A847-5BD890309059}.Release|Any CPU.Build.0 = Release|Any CPU
		{246257E6-506F-4E46-916F-B6A3869AAFB4}.Debug|Any CPU.ActiveCfg = Debug|Any CPU
		{246257E6-506F-4E46-916F-B6A3869AAFB4}.Debug|Any CPU.Build.0 = Debug|Any CPU
		{246257E6-506F-4E46-916F-B6A3869AAFB4}.Release|Any CPU.ActiveCfg = Release|Any CPU
		{246257E6-506F-4E46-916F-B6A3869AAFB4}.Release|Any CPU.Build.0 = Release|Any CPU
		{94710296-265D-4D97-BAFE-D8A1CDC4F6A1}.Debug|Any CPU.ActiveCfg = Debug|Any CPU
		{94710296-265D-4D97-BAFE-D8A1CDC4F6A1}.Debug|Any CPU.Build.0 = Debug|Any CPU
		{94710296-265D-4D97-BAFE-D8A1CDC4F6A1}.Release|Any CPU.ActiveCfg = Release|Any CPU
		{94710296-265D-4D97-BAFE-D8A1CDC4F6A1}.Release|Any CPU.Build.0 = Release|Any CPU
		{AE68C8A6-54FD-4702-999C-B3BCA4B3F98C}.Debug|Any CPU.ActiveCfg = Debug|Any CPU
		{AE68C8A6-54FD-4702-999C-B3BCA4B3F98C}.Debug|Any CPU.Build.0 = Debug|Any CPU
		{AE68C8A6-54FD-4702-999C-B3BCA4B3F98C}.Release|Any CPU.ActiveCfg = Release|Any CPU
		{AE68C8A6-54FD-4702-999C-B3BCA4B3F98C}.Release|Any CPU.Build.0 = Release|Any CPU
		{B38CD55A-F490-4E6E-8D2E-D4F22038250C}.Debug|Any CPU.ActiveCfg = Debug|Any CPU
		{B38CD55A-F490-4E6E-8D2E-D4F22038250C}.Debug|Any CPU.Build.0 = Debug|Any CPU
		{B38CD55A-F490-4E6E-8D2E-D4F22038250C}.Release|Any CPU.ActiveCfg = Release|Any CPU
		{B38CD55A-F490-4E6E-8D2E-D4F22038250C}.Release|Any CPU.Build.0 = Release|Any CPU
	EndGlobalSection
	GlobalSection(SolutionProperties) = preSolution
		HideSolutionNode = FALSE
	EndGlobalSection
	GlobalSection(NestedProjects) = preSolution
		{DB0B5622-97C1-4196-A7BD-129B7B03ED1D} = {2A57A92B-05AE-4F5F-B68A-562E332B9708}
		{3DE1A67B-3492-4B0F-852C-4CB38D2BB917} = {2A57A92B-05AE-4F5F-B68A-562E332B9708}
		{D0A47F25-858E-41C9-B3EF-EFFEDFFCE511} = {2A57A92B-05AE-4F5F-B68A-562E332B9708}
		{99BC6762-E1E9-43EE-B875-B446803915A3} = {2A57A92B-05AE-4F5F-B68A-562E332B9708}
		{91FE8907-27F0-4C0A-A07F-0C48E9818B61} = {2A57A92B-05AE-4F5F-B68A-562E332B9708}
		{D1F46AC0-0912-48C9-9A43-4F26C70C13A3} = {2A57A92B-05AE-4F5F-B68A-562E332B9708}
		{C8918722-8D59-4CE8-9F85-AD3D2EB25E5C} = {2A57A92B-05AE-4F5F-B68A-562E332B9708}
		{B45A272C-B408-4BED-A207-A7C872DC81F7} = {2A57A92B-05AE-4F5F-B68A-562E332B9708}
		{C5B714C2-FB80-4960-9CFD-2E762837C42C} = {2A57A92B-05AE-4F5F-B68A-562E332B9708}
		{B7261773-793E-48DB-8406-7AE8AD6D1E89} = {2A57A92B-05AE-4F5F-B68A-562E332B9708}
		{28D8B975-5715-4870-B8E3-2EC7A2D9D175} = {2A57A92B-05AE-4F5F-B68A-562E332B9708}
		{692BD9FE-2D6B-406A-9733-FF3EC46181D7} = {2A57A92B-05AE-4F5F-B68A-562E332B9708}
		{4FC6DC1C-C516-4D11-A847-5BD890309059} = {2A57A92B-05AE-4F5F-B68A-562E332B9708}
		{246257E6-506F-4E46-916F-B6A3869AAFB4} = {2A57A92B-05AE-4F5F-B68A-562E332B9708}
		{94710296-265D-4D97-BAFE-D8A1CDC4F6A1} = {2A57A92B-05AE-4F5F-B68A-562E332B9708}
	EndGlobalSection
	GlobalSection(ExtensibilityGlobals) = postSolution
		SolutionGuid = {834EAFDB-7CA8-404E-86EC-FDD21E50AD92}
	EndGlobalSection
EndGlobal
